{
  "requires": true,
  "lockfileVersion": 1,
  "dependencies": {
    "@angular/cdk": {
      "version": "9.2.3",
      "resolved": "https://registry.npmjs.org/@angular/cdk/-/cdk-9.2.3.tgz",
      "integrity": "sha512-tQr/yt8GNGsZ/DTT+PMq7XdRmL56hwVCyf8F12JQAawutSLfTfMb+S1lpN7L/0Pb/L5JBuCfG2HmXK7vHo02gw==",
      "requires": {
        "parse5": "^5.0.0"
      }
    },
    "parse5": {
      "version": "5.1.1",
      "resolved": "https://registry.npmjs.org/parse5/-/parse5-5.1.1.tgz",
      "integrity": "sha512-ugq4DFI0Ptb+WWjAdOK16+u/nHfiIrcE+sh8kZMaM0WllQKLI9rOUq6c2b7cwPkXdzfQESqvoqK6ug7U/Yyzug=="
    }
  }
}
